
Microsoft Visual Studio Solution File, Format Version 12.00
# Visual Studio Version 16
VisualStudioVersion = 16.0.32228.343
MinimumVisualStudioVersion = 10.0.40219.1
Project("{9A19103F-16F7-4668-BE54-9A1E7A4F7556}") = "Bookstore", "Bookstore\Bookstore.csproj", "{A22D0441-3927-463C-81FF-B20645635DE3}"
EndProject
Project("{2150E333-8FDC-42A3-9474-1A3956D46DE8}") = "Infrastructure", "Infrastructure", "{E74F7DCC-40A5-40F5-969D-AF5BB06A3337}"
EndProject
Project("{9A19103F-16F7-4668-BE54-9A1E7A4F7556}") = "Store.Memory", "Infrastructure\Store.Memory\Store.Memory.csproj", "{BB64775D-6EF7-4E5B-B34A-B008E07B303F}"
EndProject
Project("{2150E333-8FDC-42A3-9474-1A3956D46DE8}") = "Domain", "Domain", "{5B0D5037-E882-49C4-8929-7B30A633F883}"
EndProject
Global
	GlobalSection(SolutionConfigurationPlatforms) = preSolution
		Debug|Any CPU = Debug|Any CPU
		Release|Any CPU = Release|Any CPU
	EndGlobalSection
	GlobalSection(ProjectConfigurationPlatforms) = postSolution
		{A22D0441-3927-463C-81FF-B20645635DE3}.Debug|Any CPU.ActiveCfg = Debug|Any CPU
		{A22D0441-3927-463C-81FF-B20645635DE3}.Debug|Any CPU.Build.0 = Debug|Any CPU
		{A22D0441-3927-463C-81FF-B20645635DE3}.Release|Any CPU.ActiveCfg = Release|Any CPU
		{A22D0441-3927-463C-81FF-B20645635DE3}.Release|Any CPU.Build.0 = Release|Any CPU
		{BB64775D-6EF7-4E5B-B34A-B008E07B303F}.Debug|Any CPU.ActiveCfg = Debug|Any CPU
		{BB64775D-6EF7-4E5B-B34A-B008E07B303F}.Debug|Any CPU.Build.0 = Debug|Any CPU
		{BB64775D-6EF7-4E5B-B34A-B008E07B303F}.Release|Any CPU.ActiveCfg = Release|Any CPU
		{BB64775D-6EF7-4E5B-B34A-B008E07B303F}.Release|Any CPU.Build.0 = Release|Any CPU
	EndGlobalSection
	GlobalSection(SolutionProperties) = preSolution
		HideSolutionNode = FALSE
	EndGlobalSection
	GlobalSection(NestedProjects) = preSolution
		{A22D0441-3927-463C-81FF-B20645635DE3} = {5B0D5037-E882-49C4-8929-7B30A633F883}
		{BB64775D-6EF7-4E5B-B34A-B008E07B303F} = {E74F7DCC-40A5-40F5-969D-AF5BB06A3337}
	EndGlobalSection
	GlobalSection(ExtensibilityGlobals) = postSolution
		SolutionGuid = {026DEE3E-E51C-4488-85F4-8C6828A815EC}
	EndGlobalSection
EndGlobal
